
Microsoft Visual Studio Solution File, Format Version 12.00
# Visual Studio Version 17
VisualStudioVersion = 17.9.34728.123
MinimumVisualStudioVersion = 10.0.40219.1
Project("{FAE04EC0-301F-11D3-BF4B-00C04F79EFBC}") = "HelloWorldAPI", "HelloWorldAPI\HelloWorldAPI.csproj", "{CE169A3F-69B7-4AB6-A31D-83509B9C9765}"
EndProject
Global
	GlobalSection(SolutionConfigurationPlatforms) = preSolution
		Debug|Any CPU = Debug|Any CPU
		Release|Any CPU = Release|Any CPU
	EndGlobalSection
	GlobalSection(ProjectConfigurationPlatforms) = postSolution
		{CE169A3F-69B7-4AB6-A31D-83509B9C9765}.Debug|Any CPU.ActiveCfg = Debug|Any CPU
		{CE169A3F-69B7-4AB6-A31D-83509B9C9765}.Debug|Any CPU.Build.0 = Debug|Any CPU
		{CE169A3F-69B7-4AB6-A31D-83509B9C9765}.Release|Any CPU.ActiveCfg = Release|Any CPU
		{CE169A3F-69B7-4AB6-A31D-83509B9C9765}.Release|Any CPU.Build.0 = Release|Any CPU
	EndGlobalSection
	GlobalSection(SolutionProperties) = preSolution
		HideSolutionNode = FALSE
	EndGlobalSection
	GlobalSection(ExtensibilityGlobals) = postSolution
		SolutionGuid = {5D1E2303-AF4E-4001-B893-2D55EA9C3547}
	EndGlobalSection
EndGlobal
